
Microsoft Visual Studio Solution File, Format Version 12.00
Project("{FAE04EC0-301F-11D3-BF4B-00C04F79EFBC}") = "WADReader", "WADReader\WADReader.csproj", "{5FBEB2F1-61EE-4790-AE6A-B77959C90354}"
EndProject
Project("{FAE04EC0-301F-11D3-BF4B-00C04F79EFBC}") = "WADReader.Example", "WADReader.Example\WADReader.Example.csproj", "{6F88B17F-0A2E-4920-88B3-4A2B1C3664F3}"
EndProject
Global
	GlobalSection(SolutionConfigurationPlatforms) = preSolution
		Debug|Any CPU = Debug|Any CPU
		Release|Any CPU = Release|Any CPU
	EndGlobalSection
	GlobalSection(ProjectConfigurationPlatforms) = postSolution
		{5FBEB2F1-61EE-4790-AE6A-B77959C90354}.Debug|Any CPU.ActiveCfg = Debug|Any CPU
		{5FBEB2F1-61EE-4790-AE6A-B77959C90354}.Debug|Any CPU.Build.0 = Debug|Any CPU
		{5FBEB2F1-61EE-4790-AE6A-B77959C90354}.Release|Any CPU.ActiveCfg = Release|Any CPU
		{5FBEB2F1-61EE-4790-AE6A-B77959C90354}.Release|Any CPU.Build.0 = Release|Any CPU
		{6F88B17F-0A2E-4920-88B3-4A2B1C3664F3}.Debug|Any CPU.ActiveCfg = Debug|Any CPU
		{6F88B17F-0A2E-4920-88B3-4A2B1C3664F3}.Debug|Any CPU.Build.0 = Debug|Any CPU
		{6F88B17F-0A2E-4920-88B3-4A2B1C3664F3}.Release|Any CPU.ActiveCfg = Release|Any CPU
		{6F88B17F-0A2E-4920-88B3-4A2B1C3664F3}.Release|Any CPU.Build.0 = Release|Any CPU
	EndGlobalSection
EndGlobal
